
Microsoft Visual Studio Solution File, Format Version 12.00
# Visual Studio Version 17
VisualStudioVersion = 17.8.34601.278
MinimumVisualStudioVersion = 10.0.40219.1
Project("{FAE04EC0-301F-11D3-BF4B-00C04F79EFBC}") = "Assembly-CSharp", "Assembly-CSharp.csproj", "{83BE2866-0A53-71D6-C680-423D67BBAD46}"
EndProject
Project("{FAE04EC0-301F-11D3-BF4B-00C04F79EFBC}") = "GameLogic", "GameLogic.csproj", "{5DEC5C3C-DCE5-D494-D1C9-CA0A590D51C9}"
EndProject
Project("{FAE04EC0-301F-11D3-BF4B-00C04F79EFBC}") = "Tests", "Tests.csproj", "{00815B67-BB12-E914-7CDF-0652DD6100DA}"
EndProject
Global
	GlobalSection(SolutionConfigurationPlatforms) = preSolution
		Debug|Any CPU = Debug|Any CPU
		Release|Any CPU = Release|Any CPU
	EndGlobalSection
	GlobalSection(ProjectConfigurationPlatforms) = postSolution
		{83BE2866-0A53-71D6-C680-423D67BBAD46}.Debug|Any CPU.ActiveCfg = Debug|Any CPU
		{83BE2866-0A53-71D6-C680-423D67BBAD46}.Debug|Any CPU.Build.0 = Debug|Any CPU
		{83BE2866-0A53-71D6-C680-423D67BBAD46}.Release|Any CPU.ActiveCfg = Release|Any CPU
		{83BE2866-0A53-71D6-C680-423D67BBAD46}.Release|Any CPU.Build.0 = Release|Any CPU
		{5DEC5C3C-DCE5-D494-D1C9-CA0A590D51C9}.Debug|Any CPU.ActiveCfg = Debug|Any CPU
		{5DEC5C3C-DCE5-D494-D1C9-CA0A590D51C9}.Debug|Any CPU.Build.0 = Debug|Any CPU
		{5DEC5C3C-DCE5-D494-D1C9-CA0A590D51C9}.Release|Any CPU.ActiveCfg = Release|Any CPU
		{5DEC5C3C-DCE5-D494-D1C9-CA0A590D51C9}.Release|Any CPU.Build.0 = Release|Any CPU
		{00815B67-BB12-E914-7CDF-0652DD6100DA}.Debug|Any CPU.ActiveCfg = Debug|Any CPU
		{00815B67-BB12-E914-7CDF-0652DD6100DA}.Debug|Any CPU.Build.0 = Debug|Any CPU
		{00815B67-BB12-E914-7CDF-0652DD6100DA}.Release|Any CPU.ActiveCfg = Release|Any CPU
		{00815B67-BB12-E914-7CDF-0652DD6100DA}.Release|Any CPU.Build.0 = Release|Any CPU
	EndGlobalSection
	GlobalSection(SolutionProperties) = preSolution
		HideSolutionNode = FALSE
	EndGlobalSection
	GlobalSection(ExtensibilityGlobals) = postSolution
		SolutionGuid = {4DD94E5F-CAF0-483E-B75A-8A8661268DBE}
	EndGlobalSection
EndGlobal
