
Microsoft Visual Studio Solution File, Format Version 12.00
# Visual Studio Version 17
VisualStudioVersion = 17.9.34701.34
MinimumVisualStudioVersion = 10.0.40219.1
Project("{FAE04EC0-301F-11D3-BF4B-00C04F79EFBC}") = "Assembly-CSharp", "Assembly-CSharp.csproj", "{A6B5851E-6214-2D2B-4C71-ACF400FF4EF3}"
EndProject
Project("{FAE04EC0-301F-11D3-BF4B-00C04F79EFBC}") = "Tests", "Tests.csproj", "{41CE5DB1-B9E6-146E-A80E-D329BF387180}"
EndProject
Project("{FAE04EC0-301F-11D3-BF4B-00C04F79EFBC}") = "GameLogic", "GameLogic.csproj", "{9A0B4607-64F2-5993-9845-FD0206FDAC02}"
EndProject
Project("{FAE04EC0-301F-11D3-BF4B-00C04F79EFBC}") = "PlayMode", "PlayMode.csproj", "{58D898AC-4B69-C1A2-AF4B-7508E6876C91}"
EndProject
Global
	GlobalSection(SolutionConfigurationPlatforms) = preSolution
		Debug|Any CPU = Debug|Any CPU
		Release|Any CPU = Release|Any CPU
	EndGlobalSection
	GlobalSection(ProjectConfigurationPlatforms) = postSolution
		{A6B5851E-6214-2D2B-4C71-ACF400FF4EF3}.Debug|Any CPU.ActiveCfg = Debug|Any CPU
		{A6B5851E-6214-2D2B-4C71-ACF400FF4EF3}.Debug|Any CPU.Build.0 = Debug|Any CPU
		{A6B5851E-6214-2D2B-4C71-ACF400FF4EF3}.Release|Any CPU.ActiveCfg = Release|Any CPU
		{A6B5851E-6214-2D2B-4C71-ACF400FF4EF3}.Release|Any CPU.Build.0 = Release|Any CPU
		{41CE5DB1-B9E6-146E-A80E-D329BF387180}.Debug|Any CPU.ActiveCfg = Debug|Any CPU
		{41CE5DB1-B9E6-146E-A80E-D329BF387180}.Debug|Any CPU.Build.0 = Debug|Any CPU
		{41CE5DB1-B9E6-146E-A80E-D329BF387180}.Release|Any CPU.ActiveCfg = Release|Any CPU
		{41CE5DB1-B9E6-146E-A80E-D329BF387180}.Release|Any CPU.Build.0 = Release|Any CPU
		{9A0B4607-64F2-5993-9845-FD0206FDAC02}.Debug|Any CPU.ActiveCfg = Debug|Any CPU
		{9A0B4607-64F2-5993-9845-FD0206FDAC02}.Debug|Any CPU.Build.0 = Debug|Any CPU
		{9A0B4607-64F2-5993-9845-FD0206FDAC02}.Release|Any CPU.ActiveCfg = Release|Any CPU
		{9A0B4607-64F2-5993-9845-FD0206FDAC02}.Release|Any CPU.Build.0 = Release|Any CPU
		{58D898AC-4B69-C1A2-AF4B-7508E6876C91}.Debug|Any CPU.ActiveCfg = Debug|Any CPU
		{58D898AC-4B69-C1A2-AF4B-7508E6876C91}.Debug|Any CPU.Build.0 = Debug|Any CPU
		{58D898AC-4B69-C1A2-AF4B-7508E6876C91}.Release|Any CPU.ActiveCfg = Release|Any CPU
		{58D898AC-4B69-C1A2-AF4B-7508E6876C91}.Release|Any CPU.Build.0 = Release|Any CPU
	EndGlobalSection
	GlobalSection(SolutionProperties) = preSolution
		HideSolutionNode = FALSE
	EndGlobalSection
	GlobalSection(ExtensibilityGlobals) = postSolution
		SolutionGuid = {8234D0F1-9E98-43F2-8802-6997F654F54F}
	EndGlobalSection
EndGlobal
